// !$*UTF8*$!
{
	archiveVersion = 1;
	classes = {
	};
	objectVersion = 50;
	objects = {

/* Begin PBXBuildFile section */
		DE10BF6E218723AC007A9DFC /* Assets.xcassets in Resources */ = {isa = PBXBuildFile; fileRef = DE10BF66218723AC007A9DFC /* Assets.xcassets */; };
		DE10BF6F218723AC007A9DFC /* LaunchScreen.storyboard in Resources */ = {isa = PBXBuildFile; fileRef = DE10BF67218723AC007A9DFC /* LaunchScreen.storyboard */; };
		DE10BF70218723AC007A9DFC /* AppDelegate.swift in Sources */ = {isa = PBXBuildFile; fileRef = DE10BF69218723AC007A9DFC /* AppDelegate.swift */; };
		DE10BF71218723AC007A9DFC /* TodoList.xcdatamodeld in Sources */ = {isa = PBXBuildFile; fileRef = DE10BF6A218723AC007A9DFC /* TodoList.xcdatamodeld */; };
		DE3258AF219030840080D129 /* APITasksService.swift in Sources */ = {isa = PBXBuildFile; fileRef = DE3258A9219030830080D129 /* APITasksService.swift */; };
		DE3258B0219030840080D129 /* Task.swift in Sources */ = {isa = PBXBuildFile; fileRef = DE3258AB219030830080D129 /* Task.swift */; };
		DE3258B1219030840080D129 /* TasksViewModel.swift in Sources */ = {isa = PBXBuildFile; fileRef = DE3258AE219030840080D129 /* TasksViewModel.swift */; };
		DE3258B52190310C0080D129 /* APIServiceTests.swift in Sources */ = {isa = PBXBuildFile; fileRef = DE3258B32190310C0080D129 /* APIServiceTests.swift */; };
		DE3258B62190310C0080D129 /* TasksViewModelTests.swift in Sources */ = {isa = PBXBuildFile; fileRef = DE3258B42190310C0080D129 /* TasksViewModelTests.swift */; };
		DE3258B9219035E50080D129 /* TasksListViewController.swift in Sources */ = {isa = PBXBuildFile; fileRef = DE3258B7219035E50080D129 /* TasksListViewController.swift */; };
		DE3258BA219035E50080D129 /* TasksListViewController.xib in Resources */ = {isa = PBXBuildFile; fileRef = DE3258B8219035E50080D129 /* TasksListViewController.xib */; };
		DE3258BE219036900080D129 /* TaskTableViewCell.swift in Sources */ = {isa = PBXBuildFile; fileRef = DE3258BC219036900080D129 /* TaskTableViewCell.swift */; };
		DE3258BF219036900080D129 /* TaskTableViewCell.xib in Resources */ = {isa = PBXBuildFile; fileRef = DE3258BD219036900080D129 /* TaskTableViewCell.xib */; };
		DE3258C12190437A0080D129 /* TasksViewControllerTests.swift in Sources */ = {isa = PBXBuildFile; fileRef = DE3258C02190437A0080D129 /* TasksViewControllerTests.swift */; };
		DEF8676221A2FF1F0022AC7C /* LoginTests.swift in Sources */ = {isa = PBXBuildFile; fileRef = DEF8676121A2FF1F0022AC7C /* LoginTests.swift */; };
		DEF8676421A300150022AC7C /* User.swift in Sources */ = {isa = PBXBuildFile; fileRef = DEF8676321A300150022AC7C /* User.swift */; };
		DEF8676621A301210022AC7C /* LoginViewModel.swift in Sources */ = {isa = PBXBuildFile; fileRef = DEF8676521A301210022AC7C /* LoginViewModel.swift */; };
		DEF8676921A3032C0022AC7C /* LoginViewController.swift in Sources */ = {isa = PBXBuildFile; fileRef = DEF8676721A3032C0022AC7C /* LoginViewController.swift */; };
		DEF8676A21A3032C0022AC7C /* LoginViewController.xib in Resources */ = {isa = PBXBuildFile; fileRef = DEF8676821A3032C0022AC7C /* LoginViewController.xib */; };
/* End PBXBuildFile section */

/* Begin PBXContainerItemProxy section */
		DEC46BCB21870BC400EA9A69 /* PBXContainerItemProxy */ = {
			isa = PBXContainerItemProxy;
			containerPortal = DEC46BAB21870BC200EA9A69 /* Project object */;
			proxyType = 1;
			remoteGlobalIDString = DEC46BB221870BC200EA9A69;
			remoteInfo = TodoList;
		};
/* End PBXContainerItemProxy section */

/* Begin PBXFileReference section */
		DE10BF66218723AC007A9DFC /* Assets.xcassets */ = {isa = PBXFileReference; lastKnownFileType = folder.assetcatalog; path = Assets.xcassets; sourceTree = "<group>"; };
		DE10BF68218723AC007A9DFC /* Base */ = {isa = PBXFileReference; lastKnownFileType = file.storyboard; name = Base; path = Base.lproj/LaunchScreen.storyboard; sourceTree = "<group>"; };
		DE10BF69218723AC007A9DFC /* AppDelegate.swift */ = {isa = PBXFileReference; fileEncoding = 4; lastKnownFileType = sourcecode.swift; path = AppDelegate.swift; sourceTree = "<group>"; };
		DE10BF6B218723AC007A9DFC /* TodoList.xcdatamodel */ = {isa = PBXFileReference; lastKnownFileType = wrapper.xcdatamodel; path = TodoList.xcdatamodel; sourceTree = "<group>"; };
		DE3258A9219030830080D129 /* APITasksService.swift */ = {isa = PBXFileReference; fileEncoding = 4; lastKnownFileType = sourcecode.swift; path = APITasksService.swift; sourceTree = "<group>"; };
		DE3258AB219030830080D129 /* Task.swift */ = {isa = PBXFileReference; fileEncoding = 4; lastKnownFileType = sourcecode.swift; path = Task.swift; sourceTree = "<group>"; };
		DE3258AE219030840080D129 /* TasksViewModel.swift */ = {isa = PBXFileReference; fileEncoding = 4; lastKnownFileType = sourcecode.swift; path = TasksViewModel.swift; sourceTree = "<group>"; };
		DE3258B32190310C0080D129 /* APIServiceTests.swift */ = {isa = PBXFileReference; fileEncoding = 4; lastKnownFileType = sourcecode.swift; path = APIServiceTests.swift; sourceTree = "<group>"; };
		DE3258B42190310C0080D129 /* TasksViewModelTests.swift */ = {isa = PBXFileReference; fileEncoding = 4; lastKnownFileType = sourcecode.swift; path = TasksViewModelTests.swift; sourceTree = "<group>"; };
		DE3258B7219035E50080D129 /* TasksListViewController.swift */ = {isa = PBXFileReference; lastKnownFileType = sourcecode.swift; path = TasksListViewController.swift; sourceTree = "<group>"; };
		DE3258B8219035E50080D129 /* TasksListViewController.xib */ = {isa = PBXFileReference; lastKnownFileType = file.xib; path = TasksListViewController.xib; sourceTree = "<group>"; };
		DE3258BC219036900080D129 /* TaskTableViewCell.swift */ = {isa = PBXFileReference; lastKnownFileType = sourcecode.swift; path = TaskTableViewCell.swift; sourceTree = "<group>"; };
		DE3258BD219036900080D129 /* TaskTableViewCell.xib */ = {isa = PBXFileReference; lastKnownFileType = file.xib; path = TaskTableViewCell.xib; sourceTree = "<group>"; };
		DE3258C02190437A0080D129 /* TasksViewControllerTests.swift */ = {isa = PBXFileReference; lastKnownFileType = sourcecode.swift; path = TasksViewControllerTests.swift; sourceTree = "<group>"; };
		DEC46BB321870BC200EA9A69 /* TodoList.app */ = {isa = PBXFileReference; explicitFileType = wrapper.application; includeInIndex = 0; path = TodoList.app; sourceTree = BUILT_PRODUCTS_DIR; };
		DEC46BC521870BC400EA9A69 /* Info.plist */ = {isa = PBXFileReference; lastKnownFileType = text.plist.xml; path = Info.plist; sourceTree = "<group>"; };
		DEC46BCA21870BC400EA9A69 /* TodoListTests.xctest */ = {isa = PBXFileReference; explicitFileType = wrapper.cfbundle; includeInIndex = 0; path = TodoListTests.xctest; sourceTree = BUILT_PRODUCTS_DIR; };
		DEC46BD021870BC400EA9A69 /* Info.plist */ = {isa = PBXFileReference; lastKnownFileType = text.plist.xml; path = Info.plist; sourceTree = "<group>"; };
		DEF8676121A2FF1F0022AC7C /* LoginTests.swift */ = {isa = PBXFileReference; lastKnownFileType = sourcecode.swift; path = LoginTests.swift; sourceTree = "<group>"; };
		DEF8676321A300150022AC7C /* User.swift */ = {isa = PBXFileReference; lastKnownFileType = sourcecode.swift; path = User.swift; sourceTree = "<group>"; };
		DEF8676521A301210022AC7C /* LoginViewModel.swift */ = {isa = PBXFileReference; lastKnownFileType = sourcecode.swift; path = LoginViewModel.swift; sourceTree = "<group>"; };
		DEF8676721A3032C0022AC7C /* LoginViewController.swift */ = {isa = PBXFileReference; lastKnownFileType = sourcecode.swift; path = LoginViewController.swift; sourceTree = "<group>"; };
		DEF8676821A3032C0022AC7C /* LoginViewController.xib */ = {isa = PBXFileReference; lastKnownFileType = file.xib; path = LoginViewController.xib; sourceTree = "<group>"; };
/* End PBXFileReference section */

/* Begin PBXFrameworksBuildPhase section */
		DEC46BB021870BC200EA9A69 /* Frameworks */ = {
			isa = PBXFrameworksBuildPhase;
			buildActionMask = 2147483647;
			files = (
			);
			runOnlyForDeploymentPostprocessing = 0;
		};
		DEC46BC721870BC400EA9A69 /* Frameworks */ = {
			isa = PBXFrameworksBuildPhase;
			buildActionMask = 2147483647;
			files = (
			);
			runOnlyForDeploymentPostprocessing = 0;
		};
/* End PBXFrameworksBuildPhase section */

/* Begin PBXGroup section */
		DE10BF60218723AC007A9DFC /* Scenes */ = {
			isa = PBXGroup;
			children = (
				DEF8675B21A2FDBC0022AC7C /* Login */,
				DE10BF63218723AC007A9DFC /* AddTask */,
				DE10BF64218723AC007A9DFC /* FetchTasks */,
			);
			path = Scenes;
			sourceTree = "<group>";
		};
		DE10BF63218723AC007A9DFC /* AddTask */ = {
			isa = PBXGroup;
			children = (
				DE10BF75218724F2007A9DFC /* Model */,
				DE10BF74218724F2007A9DFC /* Service */,
				DE10BF72218724F2007A9DFC /* View */,
				DE10BF73218724F2007A9DFC /* ViewModel */,
			);
			path = AddTask;
			sourceTree = "<group>";
		};
		DE10BF64218723AC007A9DFC /* FetchTasks */ = {
			isa = PBXGroup;
			children = (
				DE3258AA219030830080D129 /* Model */,
				DE3258A8219030830080D129 /* Service */,
				DE3258AC219030830080D129 /* View */,
				DE3258AD219030840080D129 /* ViewModel */,
			);
			path = FetchTasks;
			sourceTree = "<group>";
		};
		DE10BF65218723AC007A9DFC /* CommonFiles */ = {
			isa = PBXGroup;
			children = (
				DE10BF66218723AC007A9DFC /* Assets.xcassets */,
				DE10BF67218723AC007A9DFC /* LaunchScreen.storyboard */,
				DE10BF69218723AC007A9DFC /* AppDelegate.swift */,
				DE10BF6A218723AC007A9DFC /* TodoList.xcdatamodeld */,
			);
			path = CommonFiles;
			sourceTree = "<group>";
		};
		DE10BF72218724F2007A9DFC /* View */ = {
			isa = PBXGroup;
			children = (
			);
			path = View;
			sourceTree = "<group>";
		};
		DE10BF73218724F2007A9DFC /* ViewModel */ = {
			isa = PBXGroup;
			children = (
			);
			path = ViewModel;
			sourceTree = "<group>";
		};
		DE10BF74218724F2007A9DFC /* Service */ = {
			isa = PBXGroup;
			children = (
			);
			path = Service;
			sourceTree = "<group>";
		};
		DE10BF75218724F2007A9DFC /* Model */ = {
			isa = PBXGroup;
			children = (
			);
			path = Model;
			sourceTree = "<group>";
		};
		DE3258A8219030830080D129 /* Service */ = {
			isa = PBXGroup;
			children = (
				DE3258A9219030830080D129 /* APITasksService.swift */,
			);
			path = Service;
			sourceTree = "<group>";
		};
		DE3258AA219030830080D129 /* Model */ = {
			isa = PBXGroup;
			children = (
				DE3258AB219030830080D129 /* Task.swift */,
			);
			path = Model;
			sourceTree = "<group>";
		};
		DE3258AC219030830080D129 /* View */ = {
			isa = PBXGroup;
			children = (
				DE3258BB2190367B0080D129 /* TaskTableViewCell */,
				DE3258B7219035E50080D129 /* TasksListViewController.swift */,
				DE3258B8219035E50080D129 /* TasksListViewController.xib */,
			);
			path = View;
			sourceTree = "<group>";
		};
		DE3258AD219030840080D129 /* ViewModel */ = {
			isa = PBXGroup;
			children = (
				DE3258AE219030840080D129 /* TasksViewModel.swift */,
			);
			path = ViewModel;
			sourceTree = "<group>";
		};
		DE3258B2219030FB0080D129 /* FetchTasksTests */ = {
			isa = PBXGroup;
			children = (
				DE3258B32190310C0080D129 /* APIServiceTests.swift */,
				DE3258B42190310C0080D129 /* TasksViewModelTests.swift */,
				DE3258C02190437A0080D129 /* TasksViewControllerTests.swift */,
			);
			path = FetchTasksTests;
			sourceTree = "<group>";
		};
		DE3258BB2190367B0080D129 /* TaskTableViewCell */ = {
			isa = PBXGroup;
			children = (
				DE3258BC219036900080D129 /* TaskTableViewCell.swift */,
				DE3258BD219036900080D129 /* TaskTableViewCell.xib */,
			);
			path = TaskTableViewCell;
			sourceTree = "<group>";
		};
		DEC46BAA21870BC200EA9A69 = {
			isa = PBXGroup;
			children = (
				DEC46BB521870BC200EA9A69 /* TodoList */,
				DEC46BCD21870BC400EA9A69 /* TodoListTests */,
				DEC46BB421870BC200EA9A69 /* Products */,
			);
			sourceTree = "<group>";
		};
		DEC46BB421870BC200EA9A69 /* Products */ = {
			isa = PBXGroup;
			children = (
				DEC46BB321870BC200EA9A69 /* TodoList.app */,
				DEC46BCA21870BC400EA9A69 /* TodoListTests.xctest */,
			);
			name = Products;
			sourceTree = "<group>";
		};
		DEC46BB521870BC200EA9A69 /* TodoList */ = {
			isa = PBXGroup;
			children = (
				DE10BF65218723AC007A9DFC /* CommonFiles */,
				DE10BF60218723AC007A9DFC /* Scenes */,
				DEC46BC521870BC400EA9A69 /* Info.plist */,
			);
			path = TodoList;
			sourceTree = "<group>";
		};
		DEC46BCD21870BC400EA9A69 /* TodoListTests */ = {
			isa = PBXGroup;
			children = (
				DEF8676021A2FF130022AC7C /* LoginTests */,
				DE3258B2219030FB0080D129 /* FetchTasksTests */,
				DEC46BD021870BC400EA9A69 /* Info.plist */,
			);
			path = TodoListTests;
			sourceTree = "<group>";
		};
		DEF8675B21A2FDBC0022AC7C /* Login */ = {
			isa = PBXGroup;
			children = (
				DEF8675C21A2FDBC0022AC7C /* ViewModel */,
				DEF8675D21A2FDBC0022AC7C /* Model */,
				DEF8675E21A2FDBC0022AC7C /* View */,
				DEF8675F21A2FDBC0022AC7C /* Service */,
			);
			path = Login;
			sourceTree = "<group>";
		};
		DEF8675C21A2FDBC0022AC7C /* ViewModel */ = {
			isa = PBXGroup;
			children = (
				DEF8676521A301210022AC7C /* LoginViewModel.swift */,
			);
			path = ViewModel;
			sourceTree = "<group>";
		};
		DEF8675D21A2FDBC0022AC7C /* Model */ = {
			isa = PBXGroup;
			children = (
				DEF8676321A300150022AC7C /* User.swift */,
			);
			path = Model;
			sourceTree = "<group>";
		};
		DEF8675E21A2FDBC0022AC7C /* View */ = {
			isa = PBXGroup;
			children = (
				DEF8676721A3032C0022AC7C /* LoginViewController.swift */,
				DEF8676821A3032C0022AC7C /* LoginViewController.xib */,
			);
			path = View;
			sourceTree = "<group>";
		};
		DEF8675F21A2FDBC0022AC7C /* Service */ = {
			isa = PBXGroup;
			children = (
			);
			path = Service;
			sourceTree = "<group>";
		};
		DEF8676021A2FF130022AC7C /* LoginTests */ = {
			isa = PBXGroup;
			children = (
				DEF8676121A2FF1F0022AC7C /* LoginTests.swift */,
			);
			path = LoginTests;
			sourceTree = "<group>";
		};
/* End PBXGroup section */

/* Begin PBXNativeTarget section */
		DEC46BB221870BC200EA9A69 /* TodoList */ = {
			isa = PBXNativeTarget;
			buildConfigurationList = DEC46BD321870BC500EA9A69 /* Build configuration list for PBXNativeTarget "TodoList" */;
			buildPhases = (
				DEC46BAF21870BC200EA9A69 /* Sources */,
				DEC46BB021870BC200EA9A69 /* Frameworks */,
				DEC46BB121870BC200EA9A69 /* Resources */,
			);
			buildRules = (
			);
			dependencies = (
			);
			name = TodoList;
			productName = TodoList;
			productReference = DEC46BB321870BC200EA9A69 /* TodoList.app */;
			productType = "com.apple.product-type.application";
		};
		DEC46BC921870BC400EA9A69 /* TodoListTests */ = {
			isa = PBXNativeTarget;
			buildConfigurationList = DEC46BD621870BC500EA9A69 /* Build configuration list for PBXNativeTarget "TodoListTests" */;
			buildPhases = (
				DEC46BC621870BC400EA9A69 /* Sources */,
				DEC46BC721870BC400EA9A69 /* Frameworks */,
				DEC46BC821870BC400EA9A69 /* Resources */,
			);
			buildRules = (
			);
			dependencies = (
				DEC46BCC21870BC400EA9A69 /* PBXTargetDependency */,
			);
			name = TodoListTests;
			productName = TodoListTests;
			productReference = DEC46BCA21870BC400EA9A69 /* TodoListTests.xctest */;
			productType = "com.apple.product-type.bundle.unit-test";
		};
/* End PBXNativeTarget section */

/* Begin PBXProject section */
		DEC46BAB21870BC200EA9A69 /* Project object */ = {
			isa = PBXProject;
			attributes = {
				LastSwiftUpdateCheck = 1000;
				LastUpgradeCheck = 1000;
				ORGANIZATIONNAME = "Achraf Trabelsi";
				TargetAttributes = {
					DEC46BB221870BC200EA9A69 = {
						CreatedOnToolsVersion = 10.0;
					};
					DEC46BC921870BC400EA9A69 = {
						CreatedOnToolsVersion = 10.0;
						LastSwiftMigration = 1000;
						TestTargetID = DEC46BB221870BC200EA9A69;
					};
				};
			};
			buildConfigurationList = DEC46BAE21870BC200EA9A69 /* Build configuration list for PBXProject "TodoList" */;
			compatibilityVersion = "Xcode 9.3";
			developmentRegion = en;
			hasScannedForEncodings = 0;
			knownRegions = (
				en,
				Base,
			);
			mainGroup = DEC46BAA21870BC200EA9A69;
			productRefGroup = DEC46BB421870BC200EA9A69 /* Products */;
			projectDirPath = "";
			projectRoot = "";
			targets = (
				DEC46BB221870BC200EA9A69 /* TodoList */,
				DEC46BC921870BC400EA9A69 /* TodoListTests */,
			);
		};
/* End PBXProject section */

/* Begin PBXResourcesBuildPhase section */
		DEC46BB121870BC200EA9A69 /* Resources */ = {
			isa = PBXResourcesBuildPhase;
			buildActionMask = 2147483647;
			files = (
				DEF8676A21A3032C0022AC7C /* LoginViewController.xib in Resources */,
				DE10BF6F218723AC007A9DFC /* LaunchScreen.storyboard in Resources */,
				DE3258BA219035E50080D129 /* TasksListViewController.xib in Resources */,
				DE10BF6E218723AC007A9DFC /* Assets.xcassets in Resources */,
				DE3258BF219036900080D129 /* TaskTableViewCell.xib in Resources */,
			);
			runOnlyForDeploymentPostprocessing = 0;
		};
		DEC46BC821870BC400EA9A69 /* Resources */ = {
			isa = PBXResourcesBuildPhase;
			buildActionMask = 2147483647;
			files = (
			);
			runOnlyForDeploymentPostprocessing = 0;
		};
/* End PBXResourcesBuildPhase section */

/* Begin PBXSourcesBuildPhase section */
		DEC46BAF21870BC200EA9A69 /* Sources */ = {
			isa = PBXSourcesBuildPhase;
			buildActionMask = 2147483647;
			files = (
				DE3258BE219036900080D129 /* TaskTableViewCell.swift in Sources */,
				DE10BF70218723AC007A9DFC /* AppDelegate.swift in Sources */,
				DE3258B1219030840080D129 /* TasksViewModel.swift in Sources */,
				DE3258AF219030840080D129 /* APITasksService.swift in Sources */,
				DEF8676421A300150022AC7C /* User.swift in Sources */,
				DE3258B0219030840080D129 /* Task.swift in Sources */,
				DE3258B9219035E50080D129 /* TasksListViewController.swift in Sources */,
				DE10BF71218723AC007A9DFC /* TodoList.xcdatamodeld in Sources */,
				DEF8676921A3032C0022AC7C /* LoginViewController.swift in Sources */,
				DEF8676621A301210022AC7C /* LoginViewModel.swift in Sources */,
			);
			runOnlyForDeploymentPostprocessing = 0;
		};
		DEC46BC621870BC400EA9A69 /* Sources */ = {
			isa = PBXSourcesBuildPhase;
			buildActionMask = 2147483647;
			files = (
				DE3258B52190310C0080D129 /* APIServiceTests.swift in Sources */,
				DE3258C12190437A0080D129 /* TasksViewControllerTests.swift in Sources */,
				DE3258B62190310C0080D129 /* TasksViewModelTests.swift in Sources */,
				DEF8676221A2FF1F0022AC7C /* LoginTests.swift in Sources */,
			);
			runOnlyForDeploymentPostprocessing = 0;
		};
/* End PBXSourcesBuildPhase section */

/* Begin PBXTargetDependency section */
		DEC46BCC21870BC400EA9A69 /* PBXTargetDependency */ = {
			isa = PBXTargetDependency;
			target = DEC46BB221870BC200EA9A69 /* TodoList */;
			targetProxy = DEC46BCB21870BC400EA9A69 /* PBXContainerItemProxy */;
		};
/* End PBXTargetDependency section */

/* Begin PBXVariantGroup section */
		DE10BF67218723AC007A9DFC /* LaunchScreen.storyboard */ = {
			isa = PBXVariantGroup;
			children = (
				DE10BF68218723AC007A9DFC /* Base */,
			);
			name = LaunchScreen.storyboard;
			sourceTree = "<group>";
		};
/* End PBXVariantGroup section */

/* Begin XCBuildConfiguration section */
		DEC46BD121870BC500EA9A69 /* Debug */ = {
			isa = XCBuildConfiguration;
			buildSettings = {
				ALWAYS_SEARCH_USER_PATHS = NO;
				CLANG_ANALYZER_NONNULL = YES;
				CLANG_ANALYZER_NUMBER_OBJECT_CONVERSION = YES_AGGRESSIVE;
				CLANG_CXX_LANGUAGE_STANDARD = "gnu++14";
				CLANG_CXX_LIBRARY = "libc++";
				CLANG_ENABLE_MODULES = YES;
				CLANG_ENABLE_OBJC_ARC = YES;
				CLANG_ENABLE_OBJC_WEAK = YES;
				CLANG_WARN_BLOCK_CAPTURE_AUTORELEASING = YES;
				CLANG_WARN_BOOL_CONVERSION = YES;
				CLANG_WARN_COMMA = YES;
				CLANG_WARN_CONSTANT_CONVERSION = YES;
				CLANG_WARN_DEPRECATED_OBJC_IMPLEMENTATIONS = YES;
				CLANG_WARN_DIRECT_OBJC_ISA_USAGE = YES_ERROR;
				CLANG_WARN_DOCUMENTATION_COMMENTS = YES;
				CLANG_WARN_EMPTY_BODY = YES;
				CLANG_WARN_ENUM_CONVERSION = YES;
				CLANG_WARN_INFINITE_RECURSION = YES;
				CLANG_WARN_INT_CONVERSION = YES;
				CLANG_WARN_NON_LITERAL_NULL_CONVERSION = YES;
				CLANG_WARN_OBJC_IMPLICIT_RETAIN_SELF = YES;
				CLANG_WARN_OBJC_LITERAL_CONVERSION = YES;
				CLANG_WARN_OBJC_ROOT_CLASS = YES_ERROR;
				CLANG_WARN_RANGE_LOOP_ANALYSIS = YES;
				CLANG_WARN_STRICT_PROTOTYPES = YES;
				CLANG_WARN_SUSPICIOUS_MOVE = YES;
				CLANG_WARN_UNGUARDED_AVAILABILITY = YES_AGGRESSIVE;
				CLANG_WARN_UNREACHABLE_CODE = YES;
				CLANG_WARN__DUPLICATE_METHOD_MATCH = YES;
				CODE_SIGN_IDENTITY = "iPhone Developer";
				COPY_PHASE_STRIP = NO;
				DEBUG_INFORMATION_FORMAT = dwarf;
				ENABLE_STRICT_OBJC_MSGSEND = YES;
				ENABLE_TESTABILITY = YES;
				GCC_C_LANGUAGE_STANDARD = gnu11;
				GCC_DYNAMIC_NO_PIC = NO;
				GCC_NO_COMMON_BLOCKS = YES;
				GCC_OPTIMIZATION_LEVEL = 0;
				GCC_PREPROCESSOR_DEFINITIONS = (
					"DEBUG=1",
					"$(inherited)",
				);
				GCC_WARN_64_TO_32_BIT_CONVERSION = YES;
				GCC_WARN_ABOUT_RETURN_TYPE = YES_ERROR;
				GCC_WARN_UNDECLARED_SELECTOR = YES;
				GCC_WARN_UNINITIALIZED_AUTOS = YES_AGGRESSIVE;
				GCC_WARN_UNUSED_FUNCTION = YES;
				GCC_WARN_UNUSED_VARIABLE = YES;
				IPHONEOS_DEPLOYMENT_TARGET = 12.0;
				MTL_ENABLE_DEBUG_INFO = INCLUDE_SOURCE;
				MTL_FAST_MATH = YES;
				ONLY_ACTIVE_ARCH = YES;
				SDKROOT = iphoneos;
				SWIFT_ACTIVE_COMPILATION_CONDITIONS = DEBUG;
				SWIFT_OPTIMIZATION_LEVEL = "-Onone";
			};
			name = Debug;
		};
		DEC46BD221870BC500EA9A69 /* Release */ = {
			isa = XCBuildConfiguration;
			buildSettings = {
				ALWAYS_SEARCH_USER_PATHS = NO;
				CLANG_ANALYZER_NONNULL = YES;
				CLANG_ANALYZER_NUMBER_OBJECT_CONVERSION = YES_AGGRESSIVE;
				CLANG_CXX_LANGUAGE_STANDARD = "gnu++14";
				CLANG_CXX_LIBRARY = "libc++";
				CLANG_ENABLE_MODULES = YES;
				CLANG_ENABLE_OBJC_ARC = YES;
				CLANG_ENABLE_OBJC_WEAK = YES;
				CLANG_WARN_BLOCK_CAPTURE_AUTORELEASING = YES;
				CLANG_WARN_BOOL_CONVERSION = YES;
				CLANG_WARN_COMMA = YES;
				CLANG_WARN_CONSTANT_CONVERSION = YES;
				CLANG_WARN_DEPRECATED_OBJC_IMPLEMENTATIONS = YES;
				CLANG_WARN_DIRECT_OBJC_ISA_USAGE = YES_ERROR;
				CLANG_WARN_DOCUMENTATION_COMMENTS = YES;
				CLANG_WARN_EMPTY_BODY = YES;
				CLANG_WARN_ENUM_CONVERSION = YES;
				CLANG_WARN_INFINITE_RECURSION = YES;
				CLANG_WARN_INT_CONVERSION = YES;
				CLANG_WARN_NON_LITERAL_NULL_CONVERSION = YES;
				CLANG_WARN_OBJC_IMPLICIT_RETAIN_SELF = YES;
				CLANG_WARN_OBJC_LITERAL_CONVERSION = YES;
				CLANG_WARN_OBJC_ROOT_CLASS = YES_ERROR;
				CLANG_WARN_RANGE_LOOP_ANALYSIS = YES;
				CLANG_WARN_STRICT_PROTOTYPES = YES;
				CLANG_WARN_SUSPICIOUS_MOVE = YES;
				CLANG_WARN_UNGUARDED_AVAILABILITY = YES_AGGRESSIVE;
				CLANG_WARN_UNREACHABLE_CODE = YES;
				CLANG_WARN__DUPLICATE_METHOD_MATCH = YES;
				CODE_SIGN_IDENTITY = "iPhone Developer";
				COPY_PHASE_STRIP = NO;
				DEBUG_INFORMATION_FORMAT = "dwarf-with-dsym";
				ENABLE_NS_ASSERTIONS = NO;
				ENABLE_STRICT_OBJC_MSGSEND = YES;
				GCC_C_LANGUAGE_STANDARD = gnu11;
				GCC_NO_COMMON_BLOCKS = YES;
				GCC_WARN_64_TO_32_BIT_CONVERSION = YES;
				GCC_WARN_ABOUT_RETURN_TYPE = YES_ERROR;
				GCC_WARN_UNDECLARED_SELECTOR = YES;
				GCC_WARN_UNINITIALIZED_AUTOS = YES_AGGRESSIVE;
				GCC_WARN_UNUSED_FUNCTION = YES;
				GCC_WARN_UNUSED_VARIABLE = YES;
				IPHONEOS_DEPLOYMENT_TARGET = 12.0;
				MTL_ENABLE_DEBUG_INFO = NO;
				MTL_FAST_MATH = YES;
				SDKROOT = iphoneos;
				SWIFT_COMPILATION_MODE = wholemodule;
				SWIFT_OPTIMIZATION_LEVEL = "-O";
				VALIDATE_PRODUCT = YES;
			};
			name = Release;
		};
		DEC46BD421870BC500EA9A69 /* Debug */ = {
			isa = XCBuildConfiguration;
			buildSettings = {
				ASSETCATALOG_COMPILER_APPICON_NAME = AppIcon;
				CODE_SIGN_STYLE = Automatic;
				DEVELOPMENT_TEAM = QN66UQNDZR;
				INFOPLIST_FILE = TodoList/Info.plist;
				LD_RUNPATH_SEARCH_PATHS = (
					"$(inherited)",
					"@executable_path/Frameworks",
				);
				PRODUCT_BUNDLE_IDENTIFIER = com.tadev.TodoList;
				PRODUCT_NAME = "$(TARGET_NAME)";
				SWIFT_VERSION = 4.2;
				TARGETED_DEVICE_FAMILY = "1,2";
			};
			name = Debug;
		};
		DEC46BD521870BC500EA9A69 /* Release */ = {
			isa = XCBuildConfiguration;
			buildSettings = {
				ASSETCATALOG_COMPILER_APPICON_NAME = AppIcon;
				CODE_SIGN_STYLE = Automatic;
				DEVELOPMENT_TEAM = QN66UQNDZR;
				INFOPLIST_FILE = TodoList/Info.plist;
				LD_RUNPATH_SEARCH_PATHS = (
					"$(inherited)",
					"@executable_path/Frameworks",
				);
				PRODUCT_BUNDLE_IDENTIFIER = com.tadev.TodoList;
				PRODUCT_NAME = "$(TARGET_NAME)";
				SWIFT_VERSION = 4.2;
				TARGETED_DEVICE_FAMILY = "1,2";
			};
			name = Release;
		};
		DEC46BD721870BC500EA9A69 /* Debug */ = {
			isa = XCBuildConfiguration;
			buildSettings = {
				ALWAYS_EMBED_SWIFT_STANDARD_LIBRARIES = YES;
				BUNDLE_LOADER = "$(TEST_HOST)";
				CLANG_ENABLE_MODULES = YES;
				CODE_SIGN_STYLE = Automatic;
				DEVELOPMENT_TEAM = QN66UQNDZR;
				INFOPLIST_FILE = TodoListTests/Info.plist;
				LD_RUNPATH_SEARCH_PATHS = (
					"$(inherited)",
					"@executable_path/Frameworks",
					"@loader_path/Frameworks",
				);
				PRODUCT_BUNDLE_IDENTIFIER = com.tadev.TodoListTests;
				PRODUCT_NAME = "$(TARGET_NAME)";
				SWIFT_OPTIMIZATION_LEVEL = "-Onone";
				SWIFT_VERSION = 4.2;
				TARGETED_DEVICE_FAMILY = "1,2";
				TEST_HOST = "$(BUILT_PRODUCTS_DIR)/TodoList.app/TodoList";
			};
			name = Debug;
		};
		DEC46BD821870BC500EA9A69 /* Release */ = {
			isa = XCBuildConfiguration;
			buildSettings = {
				ALWAYS_EMBED_SWIFT_STANDARD_LIBRARIES = YES;
				BUNDLE_LOADER = "$(TEST_HOST)";
				CLANG_ENABLE_MODULES = YES;
				CODE_SIGN_STYLE = Automatic;
				DEVELOPMENT_TEAM = QN66UQNDZR;
				INFOPLIST_FILE = TodoListTests/Info.plist;
				LD_RUNPATH_SEARCH_PATHS = (
					"$(inherited)",
					"@executable_path/Frameworks",
					"@loader_path/Frameworks",
				);
				PRODUCT_BUNDLE_IDENTIFIER = com.tadev.TodoListTests;
				PRODUCT_NAME = "$(TARGET_NAME)";
				SWIFT_VERSION = 4.2;
				TARGETED_DEVICE_FAMILY = "1,2";
				TEST_HOST = "$(BUILT_PRODUCTS_DIR)/TodoList.app/TodoList";
			};
			name = Release;
		};
/* End XCBuildConfiguration section */

/* Begin XCConfigurationList section */
		DEC46BAE21870BC200EA9A69 /* Build configuration list for PBXProject "TodoList" */ = {
			isa = XCConfigurationList;
			buildConfigurations = (
				DEC46BD121870BC500EA9A69 /* Debug */,
				DEC46BD221870BC500EA9A69 /* Release */,
			);
			defaultConfigurationIsVisible = 0;
			defaultConfigurationName = Release;
		};
		DEC46BD321870BC500EA9A69 /* Build configuration list for PBXNativeTarget "TodoList" */ = {
			isa = XCConfigurationList;
			buildConfigurations = (
				DEC46BD421870BC500EA9A69 /* Debug */,
				DEC46BD521870BC500EA9A69 /* Release */,
			);
			defaultConfigurationIsVisible = 0;
			defaultConfigurationName = Release;
		};
		DEC46BD621870BC500EA9A69 /* Build configuration list for PBXNativeTarget "TodoListTests" */ = {
			isa = XCConfigurationList;
			buildConfigurations = (
				DEC46BD721870BC500EA9A69 /* Debug */,
				DEC46BD821870BC500EA9A69 /* Release */,
			);
			defaultConfigurationIsVisible = 0;
			defaultConfigurationName = Release;
		};
/* End XCConfigurationList section */

/* Begin XCVersionGroup section */
		DE10BF6A218723AC007A9DFC /* TodoList.xcdatamodeld */ = {
			isa = XCVersionGroup;
			children = (
				DE10BF6B218723AC007A9DFC /* TodoList.xcdatamodel */,
			);
			currentVersion = DE10BF6B218723AC007A9DFC /* TodoList.xcdatamodel */;
			path = TodoList.xcdatamodeld;
			sourceTree = "<group>";
			versionGroupType = wrapper.xcdatamodel;
		};
/* End XCVersionGroup section */
	};
	rootObject = DEC46BAB21870BC200EA9A69 /* Project object */;
}
